<?xml version="1.0" encoding="utf-8"?>
<Project ToolsVersion="4.0" xmlns="http://schemas.microsoft.com/developer/msbuild/2003">
  <ItemGroup>
    <Filter Include="Source Files">
      <UniqueIdentifier>{4FC737F1-C7A5-4376-A066-2A32D752A2FF}</UniqueIdentifier>
      <Extensions>cpp;c;cc;cxx;c++;cppm;ixx;def;odl;idl;hpj;bat;asm;asmx</Extensions>
    </Filter>
    <Filter Include="Header Files">
      <UniqueIdentifier>{93995380-89BD-4b04-88EB-625FBE52EBFB}</UniqueIdentifier>
      <Extensions>h;hh;hpp;hxx;h++;hm;inl;inc;ipp;xsd</Extensions>
    </Filter>
    <Filter Include="Resource Files">
      <UniqueIdentifier>{67DA6AB6-F800-4c08-8B7A-83BB121AAD01}</UniqueIdentifier>
      <Extensions>rc;ico;cur;bmp;dlg;rc2;rct;bin;rgs;gif;jpg;jpeg;jpe;resx;tiff;tif;png;wav;mfcribbon-ms</Extensions>
    </Filter>
  </ItemGroup>
  <ItemGroup>
    <ClCompile Include="main.cpp">
      <Filter>Source Files</Filter>
    </ClCompile>
    <ClCompile Include="Librerias\Archivos fuentes\imgui.cpp">
      <Filter>Source Files</Filter>
    </ClCompile>
    <ClCompile Include="Librerias\Archivos fuentes\imgui_demo.cpp">
      <Filter>Source Files</Filter>
    </ClCompile>
    <ClCompile Include="Librerias\Archivos fuentes\imgui_draw.cpp">
      <Filter>Source Files</Filter>
    </ClCompile>
    <ClCompile Include="Librerias\Archivos fuentes\imgui_tables.cpp">
      <Filter>Source Files</Filter>
    </ClCompile>
    <ClCompile Include="Librerias\Archivos fuentes\imgui_widgets.cpp">
      <Filter>Source Files</Filter>
    </ClCompile>
    <ClCompile Include="Librerias\Archivos fuentes\rlImGui.cpp">
      <Filter>Source Files</Filter>
    </ClCompile>
    <ClCompile Include="Raylib_utils\raylib_utils.cpp">
      <Filter>Source Files</Filter>
    </ClCompile>
    <ClCompile Include="Librerias\Archivos fuentes\implot.cpp">
      <Filter>Source Files</Filter>
    </ClCompile>
    <ClCompile Include="Librerias\Archivos fuentes\implot_demo.cpp">
      <Filter>Source Files</Filter>
    </ClCompile>
    <ClCompile Include="Librerias\Archivos fuentes\implot_items.cpp">
      <Filter>Source Files</Filter>
    </ClCompile>
  </ItemGroup>
  <ItemGroup>
    <ClInclude Include="Raylib_utils\raylib_utils.h">
      <Filter>Header Files</Filter>
    </ClInclude>
    <ClInclude Include="Librerias\Includes\fonts\FA6FreeSolidFontData.h">
      <Filter>Header Files</Filter>
    </ClInclude>
    <ClInclude Include="Librerias\Includes\fonts\IconsFontAwesome6.h">
      <Filter>Header Files</Filter>
    </ClInclude>
    <ClInclude Include="Librerias\Includes\enum.h">
      <Filter>Header Files</Filter>
    </ClInclude>
    <ClInclude Include="Librerias\Includes\IAutoFilterT.h">
      <Filter>Header Files</Filter>
    </ClInclude>
    <ClInclude Include="Librerias\Includes\IBookT.h">
      <Filter>Header Files</Filter>
    </ClInclude>
    <ClInclude Include="Librerias\Includes\IConditionalFormatT.h">
      <Filter>Header Files</Filter>
    </ClInclude>
    <ClInclude Include="Librerias\Includes\IConditionalFormattingT.h">
      <Filter>Header Files</Filter>
    </ClInclude>
    <ClInclude Include="Librerias\Includes\ICorePropertiesT.h">
      <Filter>Header Files</Filter>
    </ClInclude>
    <ClInclude Include="Librerias\Includes\IFilterColumnT.h">
      <Filter>Header Files</Filter>
    </ClInclude>
    <ClInclude Include="Librerias\Includes\IFontT.h">
      <Filter>Header Files</Filter>
    </ClInclude>
    <ClInclude Include="Librerias\Includes\IFormatT.h">
      <Filter>Header Files</Filter>
    </ClInclude>
    <ClInclude Include="Librerias\Includes\IFormControlT.h">
      <Filter>Header Files</Filter>
    </ClInclude>
    <ClInclude Include="Librerias\Includes\imconfig.h">
      <Filter>Header Files</Filter>
    </ClInclude>
    <ClInclude Include="Librerias\Includes\imgui.h">
      <Filter>Header Files</Filter>
    </ClInclude>
    <ClInclude Include="Librerias\Includes\imgui_impl_raylib.h">
      <Filter>Header Files</Filter>
    </ClInclude>
    <ClInclude Include="Librerias\Includes\imgui_internal.h">
      <Filter>Header Files</Filter>
    </ClInclude>
    <ClInclude Include="Librerias\Includes\implot.h">
      <Filter>Header Files</Filter>
    </ClInclude>
    <ClInclude Include="Librerias\Includes\implot_internal.h">
      <Filter>Header Files</Filter>
    </ClInclude>
    <ClInclude Include="Librerias\Includes\imstb_rectpack.h">
      <Filter>Header Files</Filter>
    </ClInclude>
    <ClInclude Include="Librerias\Includes\imstb_textedit.h">
      <Filter>Header Files</Filter>
    </ClInclude>
    <ClInclude Include="Librerias\Includes\imstb_truetype.h">
      <Filter>Header Files</Filter>
    </ClInclude>
    <ClInclude Include="Librerias\Includes\IRichStringT.h">
      <Filter>Header Files</Filter>
    </ClInclude>
    <ClInclude Include="Librerias\Includes\ISheetT.h">
      <Filter>Header Files</Filter>
    </ClInclude>
    <ClInclude Include="Librerias\Includes\ITableT.h">
      <Filter>Header Files</Filter>
    </ClInclude>
    <ClInclude Include="Librerias\Includes\libxl.h">
      <Filter>Header Files</Filter>
    </ClInclude>
    <ClInclude Include="Librerias\Includes\raylib.h">
      <Filter>Header Files</Filter>
    </ClInclude>
    <ClInclude Include="Librerias\Includes\raymath.h">
      <Filter>Header Files</Filter>
    </ClInclude>
    <ClInclude Include="Librerias\Includes\rlgl.h">
      <Filter>Header Files</Filter>
    </ClInclude>
    <ClInclude Include="Librerias\Includes\rlImGui.h">
      <Filter>Header Files</Filter>
    </ClInclude>
    <ClInclude Include="Librerias\Includes\rlImGuiColors.h">
      <Filter>Header Files</Filter>
    </ClInclude>
    <ClInclude Include="Librerias\Includes\setup.h">
      <Filter>Header Files</Filter>
    </ClInclude>
    <ClInclude Include="camara.h">
      <Filter>Header Files</Filter>
    </ClInclude>
    <ClInclude Include="grafica.h">
      <Filter>Header Files</Filter>
    </ClInclude>
    <ClInclude Include="planeta.h">
      <Filter>Header Files</Filter>
    </ClInclude>
  </ItemGroup>
  <ItemGroup>
    <None Include="README.md" />
  </ItemGroup>
  <ItemGroup>
    <Library Include="Librerias\Libs\raylib.lib" />
    <Library Include="Librerias\Libs\raylibdll.lib" />
  </ItemGroup>
</Project>